
Microsoft Visual Studio Solution File, Format Version 12.00
# Visual Studio Version 16
VisualStudioVersion = 16.0.29609.76
MinimumVisualStudioVersion = 10.0.40219.1
Project("{FAE04EC0-301F-11D3-BF4B-00C04F79EFBC}") = "HW_1_04-02-2021", "HW_1_04-02-2021\HW_1_04-02-2021.csproj", "{557D16D7-5398-419C-A82C-8DE6FE8081BD}"
EndProject
Global
	GlobalSection(SolutionConfigurationPlatforms) = preSolution
		Debug|Any CPU = Debug|Any CPU
		Release|Any CPU = Release|Any CPU
	EndGlobalSection
	GlobalSection(ProjectConfigurationPlatforms) = postSolution
		{557D16D7-5398-419C-A82C-8DE6FE8081BD}.Debug|Any CPU.ActiveCfg = Debug|Any CPU
		{557D16D7-5398-419C-A82C-8DE6FE8081BD}.Debug|Any CPU.Build.0 = Debug|Any CPU
		{557D16D7-5398-419C-A82C-8DE6FE8081BD}.Release|Any CPU.ActiveCfg = Release|Any CPU
		{557D16D7-5398-419C-A82C-8DE6FE8081BD}.Release|Any CPU.Build.0 = Release|Any CPU
	EndGlobalSection
	GlobalSection(SolutionProperties) = preSolution
		HideSolutionNode = FALSE
	EndGlobalSection
	GlobalSection(ExtensibilityGlobals) = postSolution
		SolutionGuid = {00A7EAC0-7AE1-4EA5-BB75-0CDB623672E3}
	EndGlobalSection
EndGlobal
